
Microsoft Visual Studio Solution File, Format Version 11.00
# Visual Studio 2010
Project("{AE386388-6DB5-419A-8BD1-20AC2BE9B036}") = "LabelledDatapoints", "LabelledDatapoints.csproj", "{0A90B682-52EE-4DCD-A189-248DB82534DE}"
EndProject
Global
	GlobalSection(SolutionConfigurationPlatforms) = preSolution
		Debug|Any CPU = Debug|Any CPU
		Release|Any CPU = Release|Any CPU
		Debug|iPhoneSimulator = Debug|iPhoneSimulator
		Release|iPhoneSimulator = Release|iPhoneSimulator
		Debug|iPhone = Debug|iPhone
		Release|iPhone = Release|iPhone
	EndGlobalSection
	GlobalSection(ProjectConfigurationPlatforms) = postSolution
		{0A90B682-52EE-4DCD-A189-248DB82534DE}.Debug|Any CPU.ActiveCfg = Debug|iPhoneSimulator
		{0A90B682-52EE-4DCD-A189-248DB82534DE}.Debug|Any CPU.Build.0 = Debug|iPhoneSimulator
		{0A90B682-52EE-4DCD-A189-248DB82534DE}.Debug|iPhone.ActiveCfg = Debug|iPhone
		{0A90B682-52EE-4DCD-A189-248DB82534DE}.Debug|iPhone.Build.0 = Debug|iPhone
		{0A90B682-52EE-4DCD-A189-248DB82534DE}.Debug|iPhoneSimulator.ActiveCfg = Debug|iPhoneSimulator
		{0A90B682-52EE-4DCD-A189-248DB82534DE}.Debug|iPhoneSimulator.Build.0 = Debug|iPhoneSimulator
		{0A90B682-52EE-4DCD-A189-248DB82534DE}.Release|Any CPU.ActiveCfg = Release|iPhoneSimulator
		{0A90B682-52EE-4DCD-A189-248DB82534DE}.Release|Any CPU.Build.0 = Release|iPhoneSimulator
		{0A90B682-52EE-4DCD-A189-248DB82534DE}.Release|iPhone.ActiveCfg = Release|iPhone
		{0A90B682-52EE-4DCD-A189-248DB82534DE}.Release|iPhone.Build.0 = Release|iPhone
		{0A90B682-52EE-4DCD-A189-248DB82534DE}.Release|iPhoneSimulator.ActiveCfg = Release|iPhoneSimulator
		{0A90B682-52EE-4DCD-A189-248DB82534DE}.Release|iPhoneSimulator.Build.0 = Release|iPhoneSimulator
	EndGlobalSection
	GlobalSection(MonoDevelopProperties) = preSolution
		StartupItem = LabelledDatapoints.csproj
	EndGlobalSection
EndGlobal
